
Microsoft Visual Studio Solution File, Format Version 12.00
# Visual Studio Version 17
VisualStudioVersion = 17.3.32901.215
MinimumVisualStudioVersion = 10.0.40219.1
Project("{FAE04EC0-301F-11D3-BF4B-00C04F79EFBC}") = "Tries", "Tries\Tries.csproj", "{94BA711D-0AFB-412D-B0F3-98E80479005E}"
EndProject
Global
	GlobalSection(SolutionConfigurationPlatforms) = preSolution
		Debug|Any CPU = Debug|Any CPU
		Release|Any CPU = Release|Any CPU
	EndGlobalSection
	GlobalSection(ProjectConfigurationPlatforms) = postSolution
		{94BA711D-0AFB-412D-B0F3-98E80479005E}.Debug|Any CPU.ActiveCfg = Debug|Any CPU
		{94BA711D-0AFB-412D-B0F3-98E80479005E}.Debug|Any CPU.Build.0 = Debug|Any CPU
		{94BA711D-0AFB-412D-B0F3-98E80479005E}.Release|Any CPU.ActiveCfg = Release|Any CPU
		{94BA711D-0AFB-412D-B0F3-98E80479005E}.Release|Any CPU.Build.0 = Release|Any CPU
	EndGlobalSection
	GlobalSection(SolutionProperties) = preSolution
		HideSolutionNode = FALSE
	EndGlobalSection
	GlobalSection(ExtensibilityGlobals) = postSolution
		SolutionGuid = {A4C59844-FABB-427C-B481-49F31BB46DE0}
	EndGlobalSection
EndGlobal
